dependencies:
- name: fluent-bit
  repository: https://fluent.github.io/helm-charts
  version: 0.15.1
- name: kube-prometheus-stack
  repository: https://prometheus-community.github.io/helm-charts
  version: 12.3.0
- name: falco
  repository: https://falcosecurity.github.io/charts
  version: 1.7.10
- name: metrics-server
  repository: https://charts.bitnami.com/bitnami
  version: 5.8.1
- name: telegraf-operator
  repository: https://helm.influxdata.com/
  version: 1.1.5
- name: tailing-sidecar-operator
  repository: https://sumologic.github.io/tailing-sidecar
  version: 0.3.0
digest: sha256:6ccc26708c637e6ad6373064f2e4ea4fdf36cbe00f701a195d14f3f015530fae
generated: "2021-04-15T11:35:17.459636246Z"
